
Microsoft Visual Studio Solution File, Format Version 11.00
# Visual Studio 2010
Project("{8BC9CEB8-8B4A-11D0-8D11-00A0C91BC942}") = "Titanic_C++", "Titanic_C++\Titanic_C++.vcxproj", "{C933702B-8F96-4230-ADB7-775001BAE22A}"
	ProjectSection(ProjectDependencies) = postProject
		{3A1EE71B-8FC0-479D-86D8-051743E06E40} = {3A1EE71B-8FC0-479D-86D8-051743E06E40}
	EndProjectSection
EndProject
Project("{8BC9CEB8-8B4A-11D0-8D11-00A0C91BC942}") = "titanic_echo_worker", "titanic_echo_worker\titanic_echo_worker.vcxproj", "{A07FDC58-F545-469E-98F9-FD0A4BD5CE52}"
	ProjectSection(ProjectDependencies) = postProject
		{3A1EE71B-8FC0-479D-86D8-051743E06E40} = {3A1EE71B-8FC0-479D-86D8-051743E06E40}
	EndProjectSection
EndProject
Project("{8BC9CEB8-8B4A-11D0-8D11-00A0C91BC942}") = "titanic_echo_client", "titanic_echo_client\titanic_echo_client.vcxproj", "{DDF29EDA-D228-4940-AEBD-89558BA8ED95}"
	ProjectSection(ProjectDependencies) = postProject
		{3A1EE71B-8FC0-479D-86D8-051743E06E40} = {3A1EE71B-8FC0-479D-86D8-051743E06E40}
	EndProjectSection
EndProject
Project("{8BC9CEB8-8B4A-11D0-8D11-00A0C91BC942}") = "titanic.request", "titanic.request\titanic.request.vcxproj", "{AD5632A1-6AD9-4FB5-BECC-CD662FB22CD1}"
	ProjectSection(ProjectDependencies) = postProject
		{3A1EE71B-8FC0-479D-86D8-051743E06E40} = {3A1EE71B-8FC0-479D-86D8-051743E06E40}
	EndProjectSection
EndProject
Project("{8BC9CEB8-8B4A-11D0-8D11-00A0C91BC942}") = "titanic.reply", "titanic.reply\titanic.reply.vcxproj", "{965938EB-3FEC-499C-BC58-B24D2B30452A}"
	ProjectSection(ProjectDependencies) = postProject
		{3A1EE71B-8FC0-479D-86D8-051743E06E40} = {3A1EE71B-8FC0-479D-86D8-051743E06E40}
	EndProjectSection
EndProject
Project("{8BC9CEB8-8B4A-11D0-8D11-00A0C91BC942}") = "titanic.finalize", "titanic.finalize\titanic.finalize.vcxproj", "{A04AD06C-3A8B-4B2B-B438-8486D1FDBDB3}"
	ProjectSection(ProjectDependencies) = postProject
		{3A1EE71B-8FC0-479D-86D8-051743E06E40} = {3A1EE71B-8FC0-479D-86D8-051743E06E40}
	EndProjectSection
EndProject
Project("{2150E333-8FDC-42A3-9474-1A3956D46DE8}") = "Components", "Components", "{BC99F965-7668-4C68-BF04-2DAE37F99C4A}"
EndProject
Project("{2150E333-8FDC-42A3-9474-1A3956D46DE8}") = "Examples", "Examples", "{8A044077-AC9C-4C98-B2C4-60F4B121F602}"
EndProject
Project("{8BC9CEB8-8B4A-11D0-8D11-00A0C91BC942}") = "titanic.common", "titanic.common\titanic.common.vcxproj", "{3A1EE71B-8FC0-479D-86D8-051743E06E40}"
EndProject
Project("{8BC9CEB8-8B4A-11D0-8D11-00A0C91BC942}") = "titanic.publish", "titanic.publish\titanic.publish.vcxproj", "{F3F144B1-A681-48E8-9A6D-8A665F7B8591}"
	ProjectSection(ProjectDependencies) = postProject
		{3A1EE71B-8FC0-479D-86D8-051743E06E40} = {3A1EE71B-8FC0-479D-86D8-051743E06E40}
	EndProjectSection
EndProject
Global
	GlobalSection(SolutionConfigurationPlatforms) = preSolution
		Debug|Win32 = Debug|Win32
		Debug|x64 = Debug|x64
		Release|Win32 = Release|Win32
		Release|x64 = Release|x64
		WithOpenPGM|Win32 = WithOpenPGM|Win32
		WithOpenPGM|x64 = WithOpenPGM|x64
	EndGlobalSection
	GlobalSection(ProjectConfigurationPlatforms) = postSolution
		{C933702B-8F96-4230-ADB7-775001BAE22A}.Debug|Win32.ActiveCfg = Debug|x64
		{C933702B-8F96-4230-ADB7-775001BAE22A}.Debug|Win32.Build.0 = Debug|x64
		{C933702B-8F96-4230-ADB7-775001BAE22A}.Debug|x64.ActiveCfg = Debug|x64
		{C933702B-8F96-4230-ADB7-775001BAE22A}.Debug|x64.Build.0 = Debug|x64
		{C933702B-8F96-4230-ADB7-775001BAE22A}.Release|Win32.ActiveCfg = Release|Win32
		{C933702B-8F96-4230-ADB7-775001BAE22A}.Release|Win32.Build.0 = Release|Win32
		{C933702B-8F96-4230-ADB7-775001BAE22A}.Release|x64.ActiveCfg = Release|x64
		{C933702B-8F96-4230-ADB7-775001BAE22A}.Release|x64.Build.0 = Release|x64
		{C933702B-8F96-4230-ADB7-775001BAE22A}.WithOpenPGM|Win32.ActiveCfg = Release|x64
		{C933702B-8F96-4230-ADB7-775001BAE22A}.WithOpenPGM|x64.ActiveCfg = Release|x64
		{C933702B-8F96-4230-ADB7-775001BAE22A}.WithOpenPGM|x64.Build.0 = Release|x64
		{A07FDC58-F545-469E-98F9-FD0A4BD5CE52}.Debug|Win32.ActiveCfg = Debug|x64
		{A07FDC58-F545-469E-98F9-FD0A4BD5CE52}.Debug|Win32.Build.0 = Debug|x64
		{A07FDC58-F545-469E-98F9-FD0A4BD5CE52}.Debug|x64.ActiveCfg = Debug|x64
		{A07FDC58-F545-469E-98F9-FD0A4BD5CE52}.Release|Win32.ActiveCfg = Release|Win32
		{A07FDC58-F545-469E-98F9-FD0A4BD5CE52}.Release|Win32.Build.0 = Release|Win32
		{A07FDC58-F545-469E-98F9-FD0A4BD5CE52}.Release|x64.ActiveCfg = Release|Win32
		{A07FDC58-F545-469E-98F9-FD0A4BD5CE52}.WithOpenPGM|Win32.ActiveCfg = Release|Win32
		{A07FDC58-F545-469E-98F9-FD0A4BD5CE52}.WithOpenPGM|Win32.Build.0 = Release|Win32
		{A07FDC58-F545-469E-98F9-FD0A4BD5CE52}.WithOpenPGM|x64.ActiveCfg = Release|Win32
		{DDF29EDA-D228-4940-AEBD-89558BA8ED95}.Debug|Win32.ActiveCfg = Debug|x64
		{DDF29EDA-D228-4940-AEBD-89558BA8ED95}.Debug|Win32.Build.0 = Debug|x64
		{DDF29EDA-D228-4940-AEBD-89558BA8ED95}.Debug|x64.ActiveCfg = Debug|x64
		{DDF29EDA-D228-4940-AEBD-89558BA8ED95}.Release|Win32.ActiveCfg = Release|Win32
		{DDF29EDA-D228-4940-AEBD-89558BA8ED95}.Release|Win32.Build.0 = Release|Win32
		{DDF29EDA-D228-4940-AEBD-89558BA8ED95}.Release|x64.ActiveCfg = Release|Win32
		{DDF29EDA-D228-4940-AEBD-89558BA8ED95}.WithOpenPGM|Win32.ActiveCfg = Release|Win32
		{DDF29EDA-D228-4940-AEBD-89558BA8ED95}.WithOpenPGM|Win32.Build.0 = Release|Win32
		{DDF29EDA-D228-4940-AEBD-89558BA8ED95}.WithOpenPGM|x64.ActiveCfg = Release|Win32
		{AD5632A1-6AD9-4FB5-BECC-CD662FB22CD1}.Debug|Win32.ActiveCfg = Debug|x64
		{AD5632A1-6AD9-4FB5-BECC-CD662FB22CD1}.Debug|Win32.Build.0 = Debug|x64
		{AD5632A1-6AD9-4FB5-BECC-CD662FB22CD1}.Debug|x64.ActiveCfg = Debug|x64
		{AD5632A1-6AD9-4FB5-BECC-CD662FB22CD1}.Debug|x64.Build.0 = Debug|x64
		{AD5632A1-6AD9-4FB5-BECC-CD662FB22CD1}.Release|Win32.ActiveCfg = Release|Win32
		{AD5632A1-6AD9-4FB5-BECC-CD662FB22CD1}.Release|Win32.Build.0 = Release|Win32
		{AD5632A1-6AD9-4FB5-BECC-CD662FB22CD1}.Release|x64.ActiveCfg = Release|x64
		{AD5632A1-6AD9-4FB5-BECC-CD662FB22CD1}.Release|x64.Build.0 = Release|x64
		{AD5632A1-6AD9-4FB5-BECC-CD662FB22CD1}.WithOpenPGM|Win32.ActiveCfg = Release|Win32
		{AD5632A1-6AD9-4FB5-BECC-CD662FB22CD1}.WithOpenPGM|Win32.Build.0 = Release|Win32
		{AD5632A1-6AD9-4FB5-BECC-CD662FB22CD1}.WithOpenPGM|x64.ActiveCfg = Release|Win32
		{965938EB-3FEC-499C-BC58-B24D2B30452A}.Debug|Win32.ActiveCfg = Debug|x64
		{965938EB-3FEC-499C-BC58-B24D2B30452A}.Debug|Win32.Build.0 = Debug|x64
		{965938EB-3FEC-499C-BC58-B24D2B30452A}.Debug|x64.ActiveCfg = Debug|x64
		{965938EB-3FEC-499C-BC58-B24D2B30452A}.Debug|x64.Build.0 = Debug|x64
		{965938EB-3FEC-499C-BC58-B24D2B30452A}.Release|Win32.ActiveCfg = Release|Win32
		{965938EB-3FEC-499C-BC58-B24D2B30452A}.Release|Win32.Build.0 = Release|Win32
		{965938EB-3FEC-499C-BC58-B24D2B30452A}.Release|x64.ActiveCfg = Release|x64
		{965938EB-3FEC-499C-BC58-B24D2B30452A}.Release|x64.Build.0 = Release|x64
		{965938EB-3FEC-499C-BC58-B24D2B30452A}.WithOpenPGM|Win32.ActiveCfg = Release|Win32
		{965938EB-3FEC-499C-BC58-B24D2B30452A}.WithOpenPGM|Win32.Build.0 = Release|Win32
		{965938EB-3FEC-499C-BC58-B24D2B30452A}.WithOpenPGM|x64.ActiveCfg = Release|Win32
		{A04AD06C-3A8B-4B2B-B438-8486D1FDBDB3}.Debug|Win32.ActiveCfg = Debug|x64
		{A04AD06C-3A8B-4B2B-B438-8486D1FDBDB3}.Debug|Win32.Build.0 = Debug|x64
		{A04AD06C-3A8B-4B2B-B438-8486D1FDBDB3}.Debug|x64.ActiveCfg = Debug|x64
		{A04AD06C-3A8B-4B2B-B438-8486D1FDBDB3}.Debug|x64.Build.0 = Debug|x64
		{A04AD06C-3A8B-4B2B-B438-8486D1FDBDB3}.Release|Win32.ActiveCfg = Release|Win32
		{A04AD06C-3A8B-4B2B-B438-8486D1FDBDB3}.Release|Win32.Build.0 = Release|Win32
		{A04AD06C-3A8B-4B2B-B438-8486D1FDBDB3}.Release|x64.ActiveCfg = Release|x64
		{A04AD06C-3A8B-4B2B-B438-8486D1FDBDB3}.Release|x64.Build.0 = Release|x64
		{A04AD06C-3A8B-4B2B-B438-8486D1FDBDB3}.WithOpenPGM|Win32.ActiveCfg = Release|Win32
		{A04AD06C-3A8B-4B2B-B438-8486D1FDBDB3}.WithOpenPGM|Win32.Build.0 = Release|Win32
		{A04AD06C-3A8B-4B2B-B438-8486D1FDBDB3}.WithOpenPGM|x64.ActiveCfg = Release|Win32
		{3A1EE71B-8FC0-479D-86D8-051743E06E40}.Debug|Win32.ActiveCfg = Debug|x64
		{3A1EE71B-8FC0-479D-86D8-051743E06E40}.Debug|Win32.Build.0 = Debug|x64
		{3A1EE71B-8FC0-479D-86D8-051743E06E40}.Debug|x64.ActiveCfg = Debug|x64
		{3A1EE71B-8FC0-479D-86D8-051743E06E40}.Debug|x64.Build.0 = Debug|x64
		{3A1EE71B-8FC0-479D-86D8-051743E06E40}.Release|Win32.ActiveCfg = Release|Win32
		{3A1EE71B-8FC0-479D-86D8-051743E06E40}.Release|Win32.Build.0 = Release|Win32
		{3A1EE71B-8FC0-479D-86D8-051743E06E40}.Release|x64.ActiveCfg = Release|x64
		{3A1EE71B-8FC0-479D-86D8-051743E06E40}.Release|x64.Build.0 = Release|x64
		{3A1EE71B-8FC0-479D-86D8-051743E06E40}.WithOpenPGM|Win32.ActiveCfg = Release|Win32
		{3A1EE71B-8FC0-479D-86D8-051743E06E40}.WithOpenPGM|Win32.Build.0 = Release|Win32
		{3A1EE71B-8FC0-479D-86D8-051743E06E40}.WithOpenPGM|x64.ActiveCfg = Release|Win32
		{F3F144B1-A681-48E8-9A6D-8A665F7B8591}.Debug|Win32.ActiveCfg = Debug|Win32
		{F3F144B1-A681-48E8-9A6D-8A665F7B8591}.Debug|Win32.Build.0 = Debug|Win32
		{F3F144B1-A681-48E8-9A6D-8A665F7B8591}.Debug|x64.ActiveCfg = Debug|x64
		{F3F144B1-A681-48E8-9A6D-8A665F7B8591}.Debug|x64.Build.0 = Debug|x64
		{F3F144B1-A681-48E8-9A6D-8A665F7B8591}.Release|Win32.ActiveCfg = Release|Win32
		{F3F144B1-A681-48E8-9A6D-8A665F7B8591}.Release|Win32.Build.0 = Release|Win32
		{F3F144B1-A681-48E8-9A6D-8A665F7B8591}.Release|x64.ActiveCfg = Release|x64
		{F3F144B1-A681-48E8-9A6D-8A665F7B8591}.Release|x64.Build.0 = Release|x64
		{F3F144B1-A681-48E8-9A6D-8A665F7B8591}.WithOpenPGM|Win32.ActiveCfg = Release|Win32
		{F3F144B1-A681-48E8-9A6D-8A665F7B8591}.WithOpenPGM|Win32.Build.0 = Release|Win32
		{F3F144B1-A681-48E8-9A6D-8A665F7B8591}.WithOpenPGM|x64.ActiveCfg = Release|Win32
	EndGlobalSection
	GlobalSection(SolutionProperties) = preSolution
		HideSolutionNode = FALSE
	EndGlobalSection
	GlobalSection(NestedProjects) = preSolution
		{DDF29EDA-D228-4940-AEBD-89558BA8ED95} = {8A044077-AC9C-4C98-B2C4-60F4B121F602}
		{A07FDC58-F545-469E-98F9-FD0A4BD5CE52} = {8A044077-AC9C-4C98-B2C4-60F4B121F602}
		{965938EB-3FEC-499C-BC58-B24D2B30452A} = {BC99F965-7668-4C68-BF04-2DAE37F99C4A}
		{A04AD06C-3A8B-4B2B-B438-8486D1FDBDB3} = {BC99F965-7668-4C68-BF04-2DAE37F99C4A}
		{AD5632A1-6AD9-4FB5-BECC-CD662FB22CD1} = {BC99F965-7668-4C68-BF04-2DAE37F99C4A}
		{F3F144B1-A681-48E8-9A6D-8A665F7B8591} = {BC99F965-7668-4C68-BF04-2DAE37F99C4A}
	EndGlobalSection
EndGlobal
